
Microsoft Visual Studio Solution File, Format Version 12.00
# Visual Studio Version 17
VisualStudioVersion = 17.4.33122.133
MinimumVisualStudioVersion = 10.0.40219.1
Project("{FAE04EC0-301F-11D3-BF4B-00C04F79EFBC}") = "StockAccountManagement", "StockAccountManagement\StockAccountManagement.csproj", "{A79CD471-F286-4510-9D9C-A2693AA77412}"
EndProject
Global
	GlobalSection(SolutionConfigurationPlatforms) = preSolution
		Debug|Any CPU = Debug|Any CPU
		Release|Any CPU = Release|Any CPU
	EndGlobalSection
	GlobalSection(ProjectConfigurationPlatforms) = postSolution
		{A79CD471-F286-4510-9D9C-A2693AA77412}.Debug|Any CPU.ActiveCfg = Debug|Any CPU
		{A79CD471-F286-4510-9D9C-A2693AA77412}.Debug|Any CPU.Build.0 = Debug|Any CPU
		{A79CD471-F286-4510-9D9C-A2693AA77412}.Release|Any CPU.ActiveCfg = Release|Any CPU
		{A79CD471-F286-4510-9D9C-A2693AA77412}.Release|Any CPU.Build.0 = Release|Any CPU
	EndGlobalSection
	GlobalSection(SolutionProperties) = preSolution
		HideSolutionNode = FALSE
	EndGlobalSection
	GlobalSection(ExtensibilityGlobals) = postSolution
		SolutionGuid = {09BBE66F-5A9C-47F0-93C3-31C52A9CC02A}
	EndGlobalSection
EndGlobal
